
Microsoft Visual Studio Solution File, Format Version 12.00
# Visual Studio 2013
VisualStudioVersion = 12.0.31101.0
MinimumVisualStudioVersion = 10.0.40219.1
Project("{FAE04EC0-301F-11D3-BF4B-00C04F79EFBC}") = "NIMBOLE.UI", "NIMBOLE.UI\NIMBOLE.UI.csproj", "{4E0EA376-6B7A-4440-ADB0-A21274ADA1FB}"
	ProjectSection(ProjectDependencies) = postProject
		{C75A6200-1953-496B-952F-B5EBA99A9510} = {C75A6200-1953-496B-952F-B5EBA99A9510}
		{07C4E139-E3C9-42A4-BB18-6B9F522634B4} = {07C4E139-E3C9-42A4-BB18-6B9F522634B4}
		{2391653A-CF1F-4539-BC3F-4BE44624F0FE} = {2391653A-CF1F-4539-BC3F-4BE44624F0FE}
		{BB1820E9-B80D-435B-A6C6-D40FAAFECA72} = {BB1820E9-B80D-435B-A6C6-D40FAAFECA72}
	EndProjectSection
EndProject
Project("{FAE04EC0-301F-11D3-BF4B-00C04F79EFBC}") = "NIMBOLE.Common", "NIMBOLE.Common\NIMBOLE.Common.csproj", "{BB1820E9-B80D-435B-A6C6-D40FAAFECA72}"
EndProject
Project("{FAE04EC0-301F-11D3-BF4B-00C04F79EFBC}") = "NIMBOLE.Entities", "NIMBOLE.Entities\NIMBOLE.Entities.csproj", "{2976EC9F-2919-45C2-8F19-7BFBADF5ACAB}"
EndProject
Project("{FAE04EC0-301F-11D3-BF4B-00C04F79EFBC}") = "NIMBOLE.GlobalResources", "NIMBOLE.GlobalResources\NIMBOLE.GlobalResources.csproj", "{07C4E139-E3C9-42A4-BB18-6B9F522634B4}"
EndProject
Project("{FAE04EC0-301F-11D3-BF4B-00C04F79EFBC}") = "NIMBOLE.Service", "NIMBOLE.Service\NIMBOLE.Service.csproj", "{C75A6200-1953-496B-952F-B5EBA99A9510}"
EndProject
Project("{CC5FD16D-436D-48AD-A40C-5A424C6E3E79}") = "Nimbole.Azure.API", "Nimbole.Azure.API\Nimbole.Azure.API.ccproj", "{37894DEA-54D3-447A-B20B-3C16081CC350}"
EndProject
Project("{FAE04EC0-301F-11D3-BF4B-00C04F79EFBC}") = "NIMBOLE.Models", "NIMBOLE.Models\NIMBOLE.Models.csproj", "{2391653A-CF1F-4539-BC3F-4BE44624F0FE}"
EndProject
Global
	GlobalSection(SolutionConfigurationPlatforms) = preSolution
		Debug|Any CPU = Debug|Any CPU
		Release|Any CPU = Release|Any CPU
	EndGlobalSection
	GlobalSection(ProjectConfigurationPlatforms) = postSolution
		{4E0EA376-6B7A-4440-ADB0-A21274ADA1FB}.Debug|Any CPU.ActiveCfg = Debug|Any CPU
		{4E0EA376-6B7A-4440-ADB0-A21274ADA1FB}.Debug|Any CPU.Build.0 = Debug|Any CPU
		{4E0EA376-6B7A-4440-ADB0-A21274ADA1FB}.Release|Any CPU.ActiveCfg = Release|Any CPU
		{4E0EA376-6B7A-4440-ADB0-A21274ADA1FB}.Release|Any CPU.Build.0 = Release|Any CPU
		{BB1820E9-B80D-435B-A6C6-D40FAAFECA72}.Debug|Any CPU.ActiveCfg = Debug|Any CPU
		{BB1820E9-B80D-435B-A6C6-D40FAAFECA72}.Debug|Any CPU.Build.0 = Debug|Any CPU
		{BB1820E9-B80D-435B-A6C6-D40FAAFECA72}.Release|Any CPU.ActiveCfg = Release|Any CPU
		{BB1820E9-B80D-435B-A6C6-D40FAAFECA72}.Release|Any CPU.Build.0 = Release|Any CPU
		{2976EC9F-2919-45C2-8F19-7BFBADF5ACAB}.Debug|Any CPU.ActiveCfg = Debug|Any CPU
		{2976EC9F-2919-45C2-8F19-7BFBADF5ACAB}.Debug|Any CPU.Build.0 = Debug|Any CPU
		{2976EC9F-2919-45C2-8F19-7BFBADF5ACAB}.Release|Any CPU.ActiveCfg = Release|Any CPU
		{2976EC9F-2919-45C2-8F19-7BFBADF5ACAB}.Release|Any CPU.Build.0 = Release|Any CPU
		{07C4E139-E3C9-42A4-BB18-6B9F522634B4}.Debug|Any CPU.ActiveCfg = Debug|Any CPU
		{07C4E139-E3C9-42A4-BB18-6B9F522634B4}.Debug|Any CPU.Build.0 = Debug|Any CPU
		{07C4E139-E3C9-42A4-BB18-6B9F522634B4}.Release|Any CPU.ActiveCfg = Release|Any CPU
		{07C4E139-E3C9-42A4-BB18-6B9F522634B4}.Release|Any CPU.Build.0 = Release|Any CPU
		{C75A6200-1953-496B-952F-B5EBA99A9510}.Debug|Any CPU.ActiveCfg = Debug|Any CPU
		{C75A6200-1953-496B-952F-B5EBA99A9510}.Debug|Any CPU.Build.0 = Debug|Any CPU
		{C75A6200-1953-496B-952F-B5EBA99A9510}.Release|Any CPU.ActiveCfg = Release|Any CPU
		{C75A6200-1953-496B-952F-B5EBA99A9510}.Release|Any CPU.Build.0 = Release|Any CPU
		{37894DEA-54D3-447A-B20B-3C16081CC350}.Debug|Any CPU.ActiveCfg = Debug|Any CPU
		{37894DEA-54D3-447A-B20B-3C16081CC350}.Debug|Any CPU.Build.0 = Debug|Any CPU
		{37894DEA-54D3-447A-B20B-3C16081CC350}.Release|Any CPU.ActiveCfg = Release|Any CPU
		{37894DEA-54D3-447A-B20B-3C16081CC350}.Release|Any CPU.Build.0 = Release|Any CPU
		{2391653A-CF1F-4539-BC3F-4BE44624F0FE}.Debug|Any CPU.ActiveCfg = Debug|Any CPU
		{2391653A-CF1F-4539-BC3F-4BE44624F0FE}.Debug|Any CPU.Build.0 = Debug|Any CPU
		{2391653A-CF1F-4539-BC3F-4BE44624F0FE}.Release|Any CPU.ActiveCfg = Release|Any CPU
		{2391653A-CF1F-4539-BC3F-4BE44624F0FE}.Release|Any CPU.Build.0 = Release|Any CPU
	EndGlobalSection
	GlobalSection(SolutionProperties) = preSolution
		HideSolutionNode = FALSE
	EndGlobalSection
EndGlobal
